// !$*UTF8*$!
{
	archiveVersion = 1;
	classes = {
	};
	objectVersion = 56;
	objects = {

/* Begin PBXBuildFile section */
		CDACAA41E518C48CD3D5AF5A /* Pods_OrangeTask.framework in Frameworks */ = {isa = PBXBuildFile; fileRef = 232C7F901458F67E0FFAF345 /* Pods_OrangeTask.framework */; };
		E7A3BBE92B1B16EC00551143 /* AppDelegate.swift in Sources */ = {isa = PBXBuildFile; fileRef = E7A3BBE82B1B16EC00551143 /* AppDelegate.swift */; };
		E7A3BBEB2B1B16EC00551143 /* SceneDelegate.swift in Sources */ = {isa = PBXBuildFile; fileRef = E7A3BBEA2B1B16EC00551143 /* SceneDelegate.swift */; };
		E7A3BBF02B1B16EC00551143 /* Main.storyboard in Resources */ = {isa = PBXBuildFile; fileRef = E7A3BBEE2B1B16EC00551143 /* Main.storyboard */; };
		E7A3BBF22B1B16EE00551143 /* Assets.xcassets in Resources */ = {isa = PBXBuildFile; fileRef = E7A3BBF12B1B16EE00551143 /* Assets.xcassets */; };
		E7A3BBF52B1B16EE00551143 /* LaunchScreen.storyboard in Resources */ = {isa = PBXBuildFile; fileRef = E7A3BBF32B1B16EE00551143 /* LaunchScreen.storyboard */; };
		E7A3BC032B1B1EEE00551143 /* MovieListViewController.swift in Sources */ = {isa = PBXBuildFile; fileRef = E7A3BC012B1B1EEE00551143 /* MovieListViewController.swift */; };
		E7A3BC042B1B1EEE00551143 /* MovieListViewController.xib in Resources */ = {isa = PBXBuildFile; fileRef = E7A3BC022B1B1EEE00551143 /* MovieListViewController.xib */; };
		E7A3BC082B1B227700551143 /* MovieCell.swift in Sources */ = {isa = PBXBuildFile; fileRef = E7A3BC062B1B227700551143 /* MovieCell.swift */; };
		E7A3BC092B1B227700551143 /* MovieCell.xib in Resources */ = {isa = PBXBuildFile; fileRef = E7A3BC072B1B227700551143 /* MovieCell.xib */; };
		E7A3BC0C2B1B2A5E00551143 /* NetworkLayer.swift in Sources */ = {isa = PBXBuildFile; fileRef = E7A3BC0B2B1B2A5E00551143 /* NetworkLayer.swift */; };
		E7A3BC0E2B1B2A7700551143 /* Constants.swift in Sources */ = {isa = PBXBuildFile; fileRef = E7A3BC0D2B1B2A7700551143 /* Constants.swift */; };
		E7A3BC102B1B2AB900551143 /* Router.swift in Sources */ = {isa = PBXBuildFile; fileRef = E7A3BC0F2B1B2AB900551143 /* Router.swift */; };
		E7A3BC122B1B30B500551143 /* MoviePresenter.swift in Sources */ = {isa = PBXBuildFile; fileRef = E7A3BC112B1B30B500551143 /* MoviePresenter.swift */; };
		E7A3BC142B1B30E300551143 /* MovieInteractor.swift in Sources */ = {isa = PBXBuildFile; fileRef = E7A3BC132B1B30E300551143 /* MovieInteractor.swift */; };
		E7A3BC162B1B310600551143 /* MovieRouter.swift in Sources */ = {isa = PBXBuildFile; fileRef = E7A3BC152B1B310600551143 /* MovieRouter.swift */; };
		E7A3BC182B1B318300551143 /* MovieProtocol.swift in Sources */ = {isa = PBXBuildFile; fileRef = E7A3BC172B1B318300551143 /* MovieProtocol.swift */; };
		E7A3BC1B2B1B44F000551143 /* MovieWorker.swift in Sources */ = {isa = PBXBuildFile; fileRef = E7A3BC1A2B1B44F000551143 /* MovieWorker.swift */; };
		E7A3BC1E2B1B456800551143 /* MovieModel.swift in Sources */ = {isa = PBXBuildFile; fileRef = E7A3BC1D2B1B456800551143 /* MovieModel.swift */; };
		E7A3BC212B1B459500551143 /* LocalData.swift in Sources */ = {isa = PBXBuildFile; fileRef = E7A3BC202B1B459500551143 /* LocalData.swift */; };
		E7A3BC232B1B45AA00551143 /* movies.json in Resources */ = {isa = PBXBuildFile; fileRef = E7A3BC222B1B45AA00551143 /* movies.json */; };
		E7A3BC272B1B748F00551143 /* MovieDetailsViewController.swift in Sources */ = {isa = PBXBuildFile; fileRef = E7A3BC252B1B748F00551143 /* MovieDetailsViewController.swift */; };
		E7A3BC282B1B748F00551143 /* MovieDetailsViewController.xib in Resources */ = {isa = PBXBuildFile; fileRef = E7A3BC262B1B748F00551143 /* MovieDetailsViewController.xib */; };
		E7A3BC2A2B1B74A800551143 /* MovieDetailsPresenter.swift in Sources */ = {isa = PBXBuildFile; fileRef = E7A3BC292B1B74A800551143 /* MovieDetailsPresenter.swift */; };
		E7A3BC2C2B1B74CB00551143 /* MovieDetailsInteractor.swift in Sources */ = {isa = PBXBuildFile; fileRef = E7A3BC2B2B1B74CB00551143 /* MovieDetailsInteractor.swift */; };
		E7A3BC2E2B1B74F200551143 /* MovieDetailsRouter.swift in Sources */ = {isa = PBXBuildFile; fileRef = E7A3BC2D2B1B74F200551143 /* MovieDetailsRouter.swift */; };
		E7A3BC302B1B758C00551143 /* MovieDetailsProtocol.swift in Sources */ = {isa = PBXBuildFile; fileRef = E7A3BC2F2B1B758C00551143 /* MovieDetailsProtocol.swift */; };
/* End PBXBuildFile section */

/* Begin PBXFileReference section */
		232C7F901458F67E0FFAF345 /* Pods_OrangeTask.framework */ = {isa = PBXFileReference; explicitFileType = wrapper.framework; includeInIndex = 0; path = Pods_OrangeTask.framework; sourceTree = BUILT_PRODUCTS_DIR; };
		66BDC583201C687283AEF5E1 /* Pods-OrangeTask.debug.xcconfig */ = {isa = PBXFileReference; includeInIndex = 1; lastKnownFileType = text.xcconfig; name = "Pods-OrangeTask.debug.xcconfig"; path = "Target Support Files/Pods-OrangeTask/Pods-OrangeTask.debug.xcconfig"; sourceTree = "<group>"; };
		712B48FE3DE4B93AB71CF341 /* Pods-OrangeTask.release.xcconfig */ = {isa = PBXFileReference; includeInIndex = 1; lastKnownFileType = text.xcconfig; name = "Pods-OrangeTask.release.xcconfig"; path = "Target Support Files/Pods-OrangeTask/Pods-OrangeTask.release.xcconfig"; sourceTree = "<group>"; };
		E7A3BBE52B1B16EC00551143 /* OrangeTask.app */ = {isa = PBXFileReference; explicitFileType = wrapper.application; includeInIndex = 0; path = OrangeTask.app; sourceTree = BUILT_PRODUCTS_DIR; };
		E7A3BBE82B1B16EC00551143 /* AppDelegate.swift */ = {isa = PBXFileReference; lastKnownFileType = sourcecode.swift; path = AppDelegate.swift; sourceTree = "<group>"; };
		E7A3BBEA2B1B16EC00551143 /* SceneDelegate.swift */ = {isa = PBXFileReference; lastKnownFileType = sourcecode.swift; path = SceneDelegate.swift; sourceTree = "<group>"; };
		E7A3BBEF2B1B16EC00551143 /* Base */ = {isa = PBXFileReference; lastKnownFileType = file.storyboard; name = Base; path = Base.lproj/Main.storyboard; sourceTree = "<group>"; };
		E7A3BBF12B1B16EE00551143 /* Assets.xcassets */ = {isa = PBXFileReference; lastKnownFileType = folder.assetcatalog; path = Assets.xcassets; sourceTree = "<group>"; };
		E7A3BBF42B1B16EE00551143 /* Base */ = {isa = PBXFileReference; lastKnownFileType = file.storyboard; name = Base; path = Base.lproj/LaunchScreen.storyboard; sourceTree = "<group>"; };
		E7A3BBF62B1B16EE00551143 /* Info.plist */ = {isa = PBXFileReference; lastKnownFileType = text.plist.xml; path = Info.plist; sourceTree = "<group>"; };
		E7A3BC012B1B1EEE00551143 /* MovieListViewController.swift */ = {isa = PBXFileReference; lastKnownFileType = sourcecode.swift; path = MovieListViewController.swift; sourceTree = "<group>"; };
		E7A3BC022B1B1EEE00551143 /* MovieListViewController.xib */ = {isa = PBXFileReference; lastKnownFileType = file.xib; path = MovieListViewController.xib; sourceTree = "<group>"; };
		E7A3BC062B1B227700551143 /* MovieCell.swift */ = {isa = PBXFileReference; lastKnownFileType = sourcecode.swift; path = MovieCell.swift; sourceTree = "<group>"; };
		E7A3BC072B1B227700551143 /* MovieCell.xib */ = {isa = PBXFileReference; lastKnownFileType = file.xib; path = MovieCell.xib; sourceTree = "<group>"; };
		E7A3BC0B2B1B2A5E00551143 /* NetworkLayer.swift */ = {isa = PBXFileReference; lastKnownFileType = sourcecode.swift; path = NetworkLayer.swift; sourceTree = "<group>"; };
		E7A3BC0D2B1B2A7700551143 /* Constants.swift */ = {isa = PBXFileReference; lastKnownFileType = sourcecode.swift; path = Constants.swift; sourceTree = "<group>"; };
		E7A3BC0F2B1B2AB900551143 /* Router.swift */ = {isa = PBXFileReference; lastKnownFileType = sourcecode.swift; path = Router.swift; sourceTree = "<group>"; };
		E7A3BC112B1B30B500551143 /* MoviePresenter.swift */ = {isa = PBXFileReference; lastKnownFileType = sourcecode.swift; path = MoviePresenter.swift; sourceTree = "<group>"; };
		E7A3BC132B1B30E300551143 /* MovieInteractor.swift */ = {isa = PBXFileReference; lastKnownFileType = sourcecode.swift; path = MovieInteractor.swift; sourceTree = "<group>"; };
		E7A3BC152B1B310600551143 /* MovieRouter.swift */ = {isa = PBXFileReference; lastKnownFileType = sourcecode.swift; path = MovieRouter.swift; sourceTree = "<group>"; };
		E7A3BC172B1B318300551143 /* MovieProtocol.swift */ = {isa = PBXFileReference; lastKnownFileType = sourcecode.swift; path = MovieProtocol.swift; sourceTree = "<group>"; };
		E7A3BC1A2B1B44F000551143 /* MovieWorker.swift */ = {isa = PBXFileReference; lastKnownFileType = sourcecode.swift; path = MovieWorker.swift; sourceTree = "<group>"; };
		E7A3BC1D2B1B456800551143 /* MovieModel.swift */ = {isa = PBXFileReference; lastKnownFileType = sourcecode.swift; path = MovieModel.swift; sourceTree = "<group>"; };
		E7A3BC202B1B459500551143 /* LocalData.swift */ = {isa = PBXFileReference; lastKnownFileType = sourcecode.swift; path = LocalData.swift; sourceTree = "<group>"; };
		E7A3BC222B1B45AA00551143 /* movies.json */ = {isa = PBXFileReference; fileEncoding = 4; lastKnownFileType = text.json; path = movies.json; sourceTree = "<group>"; };
		E7A3BC252B1B748F00551143 /* MovieDetailsViewController.swift */ = {isa = PBXFileReference; lastKnownFileType = sourcecode.swift; path = MovieDetailsViewController.swift; sourceTree = "<group>"; };
		E7A3BC262B1B748F00551143 /* MovieDetailsViewController.xib */ = {isa = PBXFileReference; lastKnownFileType = file.xib; path = MovieDetailsViewController.xib; sourceTree = "<group>"; };
		E7A3BC292B1B74A800551143 /* MovieDetailsPresenter.swift */ = {isa = PBXFileReference; lastKnownFileType = sourcecode.swift; path = MovieDetailsPresenter.swift; sourceTree = "<group>"; };
		E7A3BC2B2B1B74CB00551143 /* MovieDetailsInteractor.swift */ = {isa = PBXFileReference; lastKnownFileType = sourcecode.swift; path = MovieDetailsInteractor.swift; sourceTree = "<group>"; };
		E7A3BC2D2B1B74F200551143 /* MovieDetailsRouter.swift */ = {isa = PBXFileReference; lastKnownFileType = sourcecode.swift; path = MovieDetailsRouter.swift; sourceTree = "<group>"; };
		E7A3BC2F2B1B758C00551143 /* MovieDetailsProtocol.swift */ = {isa = PBXFileReference; lastKnownFileType = sourcecode.swift; path = MovieDetailsProtocol.swift; sourceTree = "<group>"; };
/* End PBXFileReference section */

/* Begin PBXFrameworksBuildPhase section */
		E7A3BBE22B1B16EC00551143 /* Frameworks */ = {
			isa = PBXFrameworksBuildPhase;
			buildActionMask = 2147483647;
			files = (
				CDACAA41E518C48CD3D5AF5A /* Pods_OrangeTask.framework in Frameworks */,
			);
			runOnlyForDeploymentPostprocessing = 0;
		};
/* End PBXFrameworksBuildPhase section */

/* Begin PBXGroup section */
		22E0328DED3F6767CD4DECCB /* Pods */ = {
			isa = PBXGroup;
			children = (
				66BDC583201C687283AEF5E1 /* Pods-OrangeTask.debug.xcconfig */,
				712B48FE3DE4B93AB71CF341 /* Pods-OrangeTask.release.xcconfig */,
			);
			path = Pods;
			sourceTree = "<group>";
		};
		E7A3BBDC2B1B16EC00551143 = {
			isa = PBXGroup;
			children = (
				E7A3BBE72B1B16EC00551143 /* OrangeTask */,
				E7A3BBE62B1B16EC00551143 /* Products */,
				22E0328DED3F6767CD4DECCB /* Pods */,
				EDD6B3848F25AC3945734A4F /* Frameworks */,
			);
			sourceTree = "<group>";
		};
		E7A3BBE62B1B16EC00551143 /* Products */ = {
			isa = PBXGroup;
			children = (
				E7A3BBE52B1B16EC00551143 /* OrangeTask.app */,
			);
			name = Products;
			sourceTree = "<group>";
		};
		E7A3BBE72B1B16EC00551143 /* OrangeTask */ = {
			isa = PBXGroup;
			children = (
				E7A3BC1F2B1B458500551143 /* LocalData */,
				E7A3BC1C2B1B455700551143 /* Model */,
				E7A3BC192B1B44DC00551143 /* Workers */,
				E7A3BC0A2B1B29A500551143 /* Network */,
				E7A3BBFF2B1B1E7400551143 /* Scenes */,
				E7A3BBFE2B1B1D3800551143 /* Core */,
				E7A3BBFD2B1B1D0800551143 /* Resources */,
				E7A3BBFC2B1B1B9700551143 /* Configration */,
			);
			path = OrangeTask;
			sourceTree = "<group>";
		};
		E7A3BBFC2B1B1B9700551143 /* Configration */ = {
			isa = PBXGroup;
			children = (
				E7A3BBF62B1B16EE00551143 /* Info.plist */,
			);
			path = Configration;
			sourceTree = "<group>";
		};
		E7A3BBFD2B1B1D0800551143 /* Resources */ = {
			isa = PBXGroup;
			children = (
				E7A3BBEE2B1B16EC00551143 /* Main.storyboard */,
				E7A3BBF12B1B16EE00551143 /* Assets.xcassets */,
				E7A3BBF32B1B16EE00551143 /* LaunchScreen.storyboard */,
			);
			path = Resources;
			sourceTree = "<group>";
		};
		E7A3BBFE2B1B1D3800551143 /* Core */ = {
			isa = PBXGroup;
			children = (
				E7A3BBEA2B1B16EC00551143 /* SceneDelegate.swift */,
				E7A3BBE82B1B16EC00551143 /* AppDelegate.swift */,
			);
			path = Core;
			sourceTree = "<group>";
		};
		E7A3BBFF2B1B1E7400551143 /* Scenes */ = {
			isa = PBXGroup;
			children = (
				E7A3BC242B1B746300551143 /* MovieDetails */,
				E7A3BC002B1B1EA600551143 /* MovieList */,
			);
			path = Scenes;
			sourceTree = "<group>";
		};
		E7A3BC002B1B1EA600551143 /* MovieList */ = {
			isa = PBXGroup;
			children = (
				E7A3BC052B1B215B00551143 /* Cell */,
				E7A3BC022B1B1EEE00551143 /* MovieListViewController.xib */,
				E7A3BC012B1B1EEE00551143 /* MovieListViewController.swift */,
				E7A3BC152B1B310600551143 /* MovieRouter.swift */,
				E7A3BC112B1B30B500551143 /* MoviePresenter.swift */,
				E7A3BC132B1B30E300551143 /* MovieInteractor.swift */,
				E7A3BC172B1B318300551143 /* MovieProtocol.swift */,
			);
			path = MovieList;
			sourceTree = "<group>";
		};
		E7A3BC052B1B215B00551143 /* Cell */ = {
			isa = PBXGroup;
			children = (
				E7A3BC062B1B227700551143 /* MovieCell.swift */,
				E7A3BC072B1B227700551143 /* MovieCell.xib */,
			);
			path = Cell;
			sourceTree = "<group>";
		};
		E7A3BC0A2B1B29A500551143 /* Network */ = {
			isa = PBXGroup;
			children = (
				E7A3BC0B2B1B2A5E00551143 /* NetworkLayer.swift */,
				E7A3BC0D2B1B2A7700551143 /* Constants.swift */,
				E7A3BC0F2B1B2AB900551143 /* Router.swift */,
			);
			path = Network;
			sourceTree = "<group>";
		};
		E7A3BC192B1B44DC00551143 /* Workers */ = {
			isa = PBXGroup;
			children = (
				E7A3BC1A2B1B44F000551143 /* MovieWorker.swift */,
			);
			path = Workers;
			sourceTree = "<group>";
		};
		E7A3BC1C2B1B455700551143 /* Model */ = {
			isa = PBXGroup;
			children = (
				E7A3BC1D2B1B456800551143 /* MovieModel.swift */,
			);
			path = Model;
			sourceTree = "<group>";
		};
		E7A3BC1F2B1B458500551143 /* LocalData */ = {
			isa = PBXGroup;
			children = (
				E7A3BC222B1B45AA00551143 /* movies.json */,
				E7A3BC202B1B459500551143 /* LocalData.swift */,
			);
			path = LocalData;
			sourceTree = "<group>";
		};
		E7A3BC242B1B746300551143 /* MovieDetails */ = {
			isa = PBXGroup;
			children = (
				E7A3BC262B1B748F00551143 /* MovieDetailsViewController.xib */,
				E7A3BC252B1B748F00551143 /* MovieDetailsViewController.swift */,
				E7A3BC292B1B74A800551143 /* MovieDetailsPresenter.swift */,
				E7A3BC2B2B1B74CB00551143 /* MovieDetailsInteractor.swift */,
				E7A3BC2D2B1B74F200551143 /* MovieDetailsRouter.swift */,
				E7A3BC2F2B1B758C00551143 /* MovieDetailsProtocol.swift */,
			);
			path = MovieDetails;
			sourceTree = "<group>";
		};
		EDD6B3848F25AC3945734A4F /* Frameworks */ = {
			isa = PBXGroup;
			children = (
				232C7F901458F67E0FFAF345 /* Pods_OrangeTask.framework */,
			);
			name = Frameworks;
			sourceTree = "<group>";
		};
/* End PBXGroup section */

/* Begin PBXNativeTarget section */
		E7A3BBE42B1B16EC00551143 /* OrangeTask */ = {
			isa = PBXNativeTarget;
			buildConfigurationList = E7A3BBF92B1B16EE00551143 /* Build configuration list for PBXNativeTarget "OrangeTask" */;
			buildPhases = (
				1D7633CB57F43BB4E86F77E1 /* [CP] Check Pods Manifest.lock */,
				E7A3BBE12B1B16EC00551143 /* Sources */,
				E7A3BBE22B1B16EC00551143 /* Frameworks */,
				E7A3BBE32B1B16EC00551143 /* Resources */,
				6CA40A43E5199E69BACF0237 /* [CP] Embed Pods Frameworks */,
			);
			buildRules = (
			);
			dependencies = (
			);
			name = OrangeTask;
			productName = OrangeTask;
			productReference = E7A3BBE52B1B16EC00551143 /* OrangeTask.app */;
			productType = "com.apple.product-type.application";
		};
/* End PBXNativeTarget section */

/* Begin PBXProject section */
		E7A3BBDD2B1B16EC00551143 /* Project object */ = {
			isa = PBXProject;
			attributes = {
				BuildIndependentTargetsInParallel = 1;
				LastSwiftUpdateCheck = 1430;
				LastUpgradeCheck = 1430;
				TargetAttributes = {
					E7A3BBE42B1B16EC00551143 = {
						CreatedOnToolsVersion = 14.3;
					};
				};
			};
			buildConfigurationList = E7A3BBE02B1B16EC00551143 /* Build configuration list for PBXProject "OrangeTask" */;
			compatibilityVersion = "Xcode 14.0";
			developmentRegion = en;
			hasScannedForEncodings = 0;
			knownRegions = (
				en,
				Base,
			);
			mainGroup = E7A3BBDC2B1B16EC00551143;
			productRefGroup = E7A3BBE62B1B16EC00551143 /* Products */;
			projectDirPath = "";
			projectRoot = "";
			targets = (
				E7A3BBE42B1B16EC00551143 /* OrangeTask */,
			);
		};
/* End PBXProject section */

/* Begin PBXResourcesBuildPhase section */
		E7A3BBE32B1B16EC00551143 /* Resources */ = {
			isa = PBXResourcesBuildPhase;
			buildActionMask = 2147483647;
			files = (
				E7A3BC232B1B45AA00551143 /* movies.json in Resources */,
				E7A3BBF52B1B16EE00551143 /* LaunchScreen.storyboard in Resources */,
				E7A3BBF22B1B16EE00551143 /* Assets.xcassets in Resources */,
				E7A3BBF02B1B16EC00551143 /* Main.storyboard in Resources */,
				E7A3BC282B1B748F00551143 /* MovieDetailsViewController.xib in Resources */,
				E7A3BC042B1B1EEE00551143 /* MovieListViewController.xib in Resources */,
				E7A3BC092B1B227700551143 /* MovieCell.xib in Resources */,
			);
			runOnlyForDeploymentPostprocessing = 0;
		};
/* End PBXResourcesBuildPhase section */

/* Begin PBXShellScriptBuildPhase section */
		1D7633CB57F43BB4E86F77E1 /* [CP] Check Pods Manifest.lock */ = {
			isa = PBXShellScriptBuildPhase;
			buildActionMask = 2147483647;
			files = (
			);
			inputFileListPaths = (
			);
			inputPaths = (
				"${PODS_PODFILE_DIR_PATH}/Podfile.lock",
				"${PODS_ROOT}/Manifest.lock",
			);
			name = "[CP] Check Pods Manifest.lock";
			outputFileListPaths = (
			);
			outputPaths = (
				"$(DERIVED_FILE_DIR)/Pods-OrangeTask-checkManifestLockResult.txt",
			);
			runOnlyForDeploymentPostprocessing = 0;
			shellPath = /bin/sh;
			shellScript = "diff \"${PODS_PODFILE_DIR_PATH}/Podfile.lock\" \"${PODS_ROOT}/Manifest.lock\" > /dev/null\nif [ $? != 0 ] ; then\n    # print error to STDERR\n    echo \"error: The sandbox is not in sync with the Podfile.lock. Run 'pod install' or update your CocoaPods installation.\" >&2\n    exit 1\nfi\n# This output is used by Xcode 'outputs' to avoid re-running this script phase.\necho \"SUCCESS\" > \"${SCRIPT_OUTPUT_FILE_0}\"\n";
			showEnvVarsInLog = 0;
		};
		6CA40A43E5199E69BACF0237 /* [CP] Embed Pods Frameworks */ = {
			isa = PBXShellScriptBuildPhase;
			buildActionMask = 2147483647;
			files = (
			);
			inputFileListPaths = (
				"${PODS_ROOT}/Target Support Files/Pods-OrangeTask/Pods-OrangeTask-frameworks-${CONFIGURATION}-input-files.xcfilelist",
			);
			name = "[CP] Embed Pods Frameworks";
			outputFileListPaths = (
				"${PODS_ROOT}/Target Support Files/Pods-OrangeTask/Pods-OrangeTask-frameworks-${CONFIGURATION}-output-files.xcfilelist",
			);
			runOnlyForDeploymentPostprocessing = 0;
			shellPath = /bin/sh;
			shellScript = "\"${PODS_ROOT}/Target Support Files/Pods-OrangeTask/Pods-OrangeTask-frameworks.sh\"\n";
			showEnvVarsInLog = 0;
		};
/* End PBXShellScriptBuildPhase section */

/* Begin PBXSourcesBuildPhase section */
		E7A3BBE12B1B16EC00551143 /* Sources */ = {
			isa = PBXSourcesBuildPhase;
			buildActionMask = 2147483647;
			files = (
				E7A3BC032B1B1EEE00551143 /* MovieListViewController.swift in Sources */,
				E7A3BBE92B1B16EC00551143 /* AppDelegate.swift in Sources */,
				E7A3BC1B2B1B44F000551143 /* MovieWorker.swift in Sources */,
				E7A3BC102B1B2AB900551143 /* Router.swift in Sources */,
				E7A3BC2A2B1B74A800551143 /* MovieDetailsPresenter.swift in Sources */,
				E7A3BC162B1B310600551143 /* MovieRouter.swift in Sources */,
				E7A3BC272B1B748F00551143 /* MovieDetailsViewController.swift in Sources */,
				E7A3BC082B1B227700551143 /* MovieCell.swift in Sources */,
				E7A3BC2C2B1B74CB00551143 /* MovieDetailsInteractor.swift in Sources */,
				E7A3BC1E2B1B456800551143 /* MovieModel.swift in Sources */,
				E7A3BC2E2B1B74F200551143 /* MovieDetailsRouter.swift in Sources */,
				E7A3BC182B1B318300551143 /* MovieProtocol.swift in Sources */,
				E7A3BC142B1B30E300551143 /* MovieInteractor.swift in Sources */,
				E7A3BC0C2B1B2A5E00551143 /* NetworkLayer.swift in Sources */,
				E7A3BBEB2B1B16EC00551143 /* SceneDelegate.swift in Sources */,
				E7A3BC0E2B1B2A7700551143 /* Constants.swift in Sources */,
				E7A3BC122B1B30B500551143 /* MoviePresenter.swift in Sources */,
				E7A3BC212B1B459500551143 /* LocalData.swift in Sources */,
				E7A3BC302B1B758C00551143 /* MovieDetailsProtocol.swift in Sources */,
			);
			runOnlyForDeploymentPostprocessing = 0;
		};
/* End PBXSourcesBuildPhase section */

/* Begin PBXVariantGroup section */
		E7A3BBEE2B1B16EC00551143 /* Main.storyboard */ = {
			isa = PBXVariantGroup;
			children = (
				E7A3BBEF2B1B16EC00551143 /* Base */,
			);
			name = Main.storyboard;
			sourceTree = "<group>";
		};
		E7A3BBF32B1B16EE00551143 /* LaunchScreen.storyboard */ = {
			isa = PBXVariantGroup;
			children = (
				E7A3BBF42B1B16EE00551143 /* Base */,
			);
			name = LaunchScreen.storyboard;
			sourceTree = "<group>";
		};
/* End PBXVariantGroup section */

/* Begin XCBuildConfiguration section */
		E7A3BBF72B1B16EE00551143 /* Debug */ = {
			isa = XCBuildConfiguration;
			buildSettings = {
				ALWAYS_SEARCH_USER_PATHS = NO;
				CLANG_ANALYZER_NONNULL = YES;
				CLANG_ANALYZER_NUMBER_OBJECT_CONVERSION = YES_AGGRESSIVE;
				CLANG_CXX_LANGUAGE_STANDARD = "gnu++20";
				CLANG_ENABLE_MODULES = YES;
				CLANG_ENABLE_OBJC_ARC = YES;
				CLANG_ENABLE_OBJC_WEAK = YES;
				CLANG_WARN_BLOCK_CAPTURE_AUTORELEASING = YES;
				CLANG_WARN_BOOL_CONVERSION = YES;
				CLANG_WARN_COMMA = YES;
				CLANG_WARN_CONSTANT_CONVERSION = YES;
				CLANG_WARN_DEPRECATED_OBJC_IMPLEMENTATIONS = YES;
				CLANG_WARN_DIRECT_OBJC_ISA_USAGE = YES_ERROR;
				CLANG_WARN_DOCUMENTATION_COMMENTS = YES;
				CLANG_WARN_EMPTY_BODY = YES;
				CLANG_WARN_ENUM_CONVERSION = YES;
				CLANG_WARN_INFINITE_RECURSION = YES;
				CLANG_WARN_INT_CONVERSION = YES;
				CLANG_WARN_NON_LITERAL_NULL_CONVERSION = YES;
				CLANG_WARN_OBJC_IMPLICIT_RETAIN_SELF = YES;
				CLANG_WARN_OBJC_LITERAL_CONVERSION = YES;
				CLANG_WARN_OBJC_ROOT_CLASS = YES_ERROR;
				CLANG_WARN_QUOTED_INCLUDE_IN_FRAMEWORK_HEADER = YES;
				CLANG_WARN_RANGE_LOOP_ANALYSIS = YES;
				CLANG_WARN_STRICT_PROTOTYPES = YES;
				CLANG_WARN_SUSPICIOUS_MOVE = YES;
				CLANG_WARN_UNGUARDED_AVAILABILITY = YES_AGGRESSIVE;
				CLANG_WARN_UNREACHABLE_CODE = YES;
				CLANG_WARN__DUPLICATE_METHOD_MATCH = YES;
				COPY_PHASE_STRIP = NO;
				DEBUG_INFORMATION_FORMAT = dwarf;
				ENABLE_STRICT_OBJC_MSGSEND = YES;
				ENABLE_TESTABILITY = YES;
				GCC_C_LANGUAGE_STANDARD = gnu11;
				GCC_DYNAMIC_NO_PIC = NO;
				GCC_NO_COMMON_BLOCKS = YES;
				GCC_OPTIMIZATION_LEVEL = 0;
				GCC_PREPROCESSOR_DEFINITIONS = (
					"DEBUG=1",
					"$(inherited)",
				);
				GCC_WARN_64_TO_32_BIT_CONVERSION = YES;
				GCC_WARN_ABOUT_RETURN_TYPE = YES_ERROR;
				GCC_WARN_UNDECLARED_SELECTOR = YES;
				GCC_WARN_UNINITIALIZED_AUTOS = YES_AGGRESSIVE;
				GCC_WARN_UNUSED_FUNCTION = YES;
				GCC_WARN_UNUSED_VARIABLE = YES;
				IPHONEOS_DEPLOYMENT_TARGET = 16.4;
				MTL_ENABLE_DEBUG_INFO = INCLUDE_SOURCE;
				MTL_FAST_MATH = YES;
				ONLY_ACTIVE_ARCH = YES;
				SDKROOT = iphoneos;
				SWIFT_ACTIVE_COMPILATION_CONDITIONS = DEBUG;
				SWIFT_OPTIMIZATION_LEVEL = "-Onone";
			};
			name = Debug;
		};
		E7A3BBF82B1B16EE00551143 /* Release */ = {
			isa = XCBuildConfiguration;
			buildSettings = {
				ALWAYS_SEARCH_USER_PATHS = NO;
				CLANG_ANALYZER_NONNULL = YES;
				CLANG_ANALYZER_NUMBER_OBJECT_CONVERSION = YES_AGGRESSIVE;
				CLANG_CXX_LANGUAGE_STANDARD = "gnu++20";
				CLANG_ENABLE_MODULES = YES;
				CLANG_ENABLE_OBJC_ARC = YES;
				CLANG_ENABLE_OBJC_WEAK = YES;
				CLANG_WARN_BLOCK_CAPTURE_AUTORELEASING = YES;
				CLANG_WARN_BOOL_CONVERSION = YES;
				CLANG_WARN_COMMA = YES;
				CLANG_WARN_CONSTANT_CONVERSION = YES;
				CLANG_WARN_DEPRECATED_OBJC_IMPLEMENTATIONS = YES;
				CLANG_WARN_DIRECT_OBJC_ISA_USAGE = YES_ERROR;
				CLANG_WARN_DOCUMENTATION_COMMENTS = YES;
				CLANG_WARN_EMPTY_BODY = YES;
				CLANG_WARN_ENUM_CONVERSION = YES;
				CLANG_WARN_INFINITE_RECURSION = YES;
				CLANG_WARN_INT_CONVERSION = YES;
				CLANG_WARN_NON_LITERAL_NULL_CONVERSION = YES;
				CLANG_WARN_OBJC_IMPLICIT_RETAIN_SELF = YES;
				CLANG_WARN_OBJC_LITERAL_CONVERSION = YES;
				CLANG_WARN_OBJC_ROOT_CLASS = YES_ERROR;
				CLANG_WARN_QUOTED_INCLUDE_IN_FRAMEWORK_HEADER = YES;
				CLANG_WARN_RANGE_LOOP_ANALYSIS = YES;
				CLANG_WARN_STRICT_PROTOTYPES = YES;
				CLANG_WARN_SUSPICIOUS_MOVE = YES;
				CLANG_WARN_UNGUARDED_AVAILABILITY = YES_AGGRESSIVE;
				CLANG_WARN_UNREACHABLE_CODE = YES;
				CLANG_WARN__DUPLICATE_METHOD_MATCH = YES;
				COPY_PHASE_STRIP = NO;
				DEBUG_INFORMATION_FORMAT = "dwarf-with-dsym";
				ENABLE_NS_ASSERTIONS = NO;
				ENABLE_STRICT_OBJC_MSGSEND = YES;
				GCC_C_LANGUAGE_STANDARD = gnu11;
				GCC_NO_COMMON_BLOCKS = YES;
				GCC_WARN_64_TO_32_BIT_CONVERSION = YES;
				GCC_WARN_ABOUT_RETURN_TYPE = YES_ERROR;
				GCC_WARN_UNDECLARED_SELECTOR = YES;
				GCC_WARN_UNINITIALIZED_AUTOS = YES_AGGRESSIVE;
				GCC_WARN_UNUSED_FUNCTION = YES;
				GCC_WARN_UNUSED_VARIABLE = YES;
				IPHONEOS_DEPLOYMENT_TARGET = 16.4;
				MTL_ENABLE_DEBUG_INFO = NO;
				MTL_FAST_MATH = YES;
				SDKROOT = iphoneos;
				SWIFT_COMPILATION_MODE = wholemodule;
				SWIFT_OPTIMIZATION_LEVEL = "-O";
				VALIDATE_PRODUCT = YES;
			};
			name = Release;
		};
		E7A3BBFA2B1B16EE00551143 /* Debug */ = {
			isa = XCBuildConfiguration;
			baseConfigurationReference = 66BDC583201C687283AEF5E1 /* Pods-OrangeTask.debug.xcconfig */;
			buildSettings = {
				ASSETCATALOG_COMPILER_APPICON_NAME = AppIcon;
				ASSETCATALOG_COMPILER_GLOBAL_ACCENT_COLOR_NAME = AccentColor;
				CODE_SIGN_STYLE = Automatic;
				CURRENT_PROJECT_VERSION = 1;
				DEVELOPMENT_TEAM = LRDS6PV5N3;
				GENERATE_INFOPLIST_FILE = YES;
				INFOPLIST_FILE = OrangeTask/Configration/Info.plist;
				INFOPLIST_KEY_UIApplicationSupportsIndirectInputEvents = YES;
				INFOPLIST_KEY_UILaunchStoryboardName = LaunchScreen;
				INFOPLIST_KEY_UIMainStoryboardFile = Main;
				INFOPLIST_KEY_UISupportedInterfaceOrientations_iPad = "UIInterfaceOrientationPortrait UIInterfaceOrientationPortraitUpsideDown UIInterfaceOrientationLandscapeLeft UIInterfaceOrientationLandscapeRight";
				INFOPLIST_KEY_UISupportedInterfaceOrientations_iPhone = "UIInterfaceOrientationPortrait UIInterfaceOrientationLandscapeLeft UIInterfaceOrientationLandscapeRight";
				LD_RUNPATH_SEARCH_PATHS = (
					"$(inherited)",
					"@executable_path/Frameworks",
				);
				MARKETING_VERSION = 1.0;
				PRODUCT_BUNDLE_IDENTIFIER = com.OrangeTask;
				PRODUCT_NAME = "$(TARGET_NAME)";
				SUPPORTED_PLATFORMS = "iphoneos iphonesimulator";
				SUPPORTS_MACCATALYST = NO;
				SUPPORTS_MAC_DESIGNED_FOR_IPHONE_IPAD = NO;
				SWIFT_EMIT_LOC_STRINGS = YES;
				SWIFT_VERSION = 5.0;
				TARGETED_DEVICE_FAMILY = 1;
			};
			name = Debug;
		};
		E7A3BBFB2B1B16EE00551143 /* Release */ = {
			isa = XCBuildConfiguration;
			baseConfigurationReference = 712B48FE3DE4B93AB71CF341 /* Pods-OrangeTask.release.xcconfig */;
			buildSettings = {
				ASSETCATALOG_COMPILER_APPICON_NAME = AppIcon;
				ASSETCATALOG_COMPILER_GLOBAL_ACCENT_COLOR_NAME = AccentColor;
				CODE_SIGN_STYLE = Automatic;
				CURRENT_PROJECT_VERSION = 1;
				DEVELOPMENT_TEAM = LRDS6PV5N3;
				GENERATE_INFOPLIST_FILE = YES;
				INFOPLIST_FILE = OrangeTask/Configration/Info.plist;
				INFOPLIST_KEY_UIApplicationSupportsIndirectInputEvents = YES;
				INFOPLIST_KEY_UILaunchStoryboardName = LaunchScreen;
				INFOPLIST_KEY_UIMainStoryboardFile = Main;
				INFOPLIST_KEY_UISupportedInterfaceOrientations_iPad = "UIInterfaceOrientationPortrait UIInterfaceOrientationPortraitUpsideDown UIInterfaceOrientationLandscapeLeft UIInterfaceOrientationLandscapeRight";
				INFOPLIST_KEY_UISupportedInterfaceOrientations_iPhone = "UIInterfaceOrientationPortrait UIInterfaceOrientationLandscapeLeft UIInterfaceOrientationLandscapeRight";
				LD_RUNPATH_SEARCH_PATHS = (
					"$(inherited)",
					"@executable_path/Frameworks",
				);
				MARKETING_VERSION = 1.0;
				PRODUCT_BUNDLE_IDENTIFIER = com.OrangeTask;
				PRODUCT_NAME = "$(TARGET_NAME)";
				SUPPORTED_PLATFORMS = "iphoneos iphonesimulator";
				SUPPORTS_MACCATALYST = NO;
				SUPPORTS_MAC_DESIGNED_FOR_IPHONE_IPAD = NO;
				SWIFT_EMIT_LOC_STRINGS = YES;
				SWIFT_VERSION = 5.0;
				TARGETED_DEVICE_FAMILY = 1;
			};
			name = Release;
		};
/* End XCBuildConfiguration section */

/* Begin XCConfigurationList section */
		E7A3BBE02B1B16EC00551143 /* Build configuration list for PBXProject "OrangeTask" */ = {
			isa = XCConfigurationList;
			buildConfigurations = (
				E7A3BBF72B1B16EE00551143 /* Debug */,
				E7A3BBF82B1B16EE00551143 /* Release */,
			);
			defaultConfigurationIsVisible = 0;
			defaultConfigurationName = Release;
		};
		E7A3BBF92B1B16EE00551143 /* Build configuration list for PBXNativeTarget "OrangeTask" */ = {
			isa = XCConfigurationList;
			buildConfigurations = (
				E7A3BBFA2B1B16EE00551143 /* Debug */,
				E7A3BBFB2B1B16EE00551143 /* Release */,
			);
			defaultConfigurationIsVisible = 0;
			defaultConfigurationName = Release;
		};
/* End XCConfigurationList section */
	};
	rootObject = E7A3BBDD2B1B16EC00551143 /* Project object */;
}
